// !$*UTF8*$!
{
	archiveVersion = 1;
	classes = {
	};
	objectVersion = 50;
	objects = {

/* Begin PBXBuildFile section */
		772D80432693461B00E5F00A /* AppDelegate.swift in Sources */ = {isa = PBXBuildFile; fileRef = 772D80422693461B00E5F00A /* AppDelegate.swift */; };
		772D80452693461B00E5F00A /* SceneDelegate.swift in Sources */ = {isa = PBXBuildFile; fileRef = 772D80442693461B00E5F00A /* SceneDelegate.swift */; };
		772D804A2693461B00E5F00A /* Main.storyboard in Resources */ = {isa = PBXBuildFile; fileRef = 772D80482693461B00E5F00A /* Main.storyboard */; };
		772D804C2693461C00E5F00A /* Assets.xcassets in Resources */ = {isa = PBXBuildFile; fileRef = 772D804B2693461C00E5F00A /* Assets.xcassets */; };
		772D804F2693461C00E5F00A /* LaunchScreen.storyboard in Resources */ = {isa = PBXBuildFile; fileRef = 772D804D2693461C00E5F00A /* LaunchScreen.storyboard */; };
		772D805C2693506300E5F00A /* LoginViewController.swift in Sources */ = {isa = PBXBuildFile; fileRef = 772D805B2693506300E5F00A /* LoginViewController.swift */; };
		77E34F72269CA39B00452B4F /* MyGroupsViewController.swift in Sources */ = {isa = PBXBuildFile; fileRef = 77E34F71269CA39B00452B4F /* MyGroupsViewController.swift */; };
		77E34F7D269F913700452B4F /* MyFriendsViewController.swift in Sources */ = {isa = PBXBuildFile; fileRef = 77E34F7C269F913700452B4F /* MyFriendsViewController.swift */; };
		77E34F8026A07A9400452B4F /* GroupsModel.swift in Sources */ = {isa = PBXBuildFile; fileRef = 77E34F7F26A07A9400452B4F /* GroupsModel.swift */; };
		77E34F8226A07B1800452B4F /* UsersModel.swift in Sources */ = {isa = PBXBuildFile; fileRef = 77E34F8126A07B1800452B4F /* UsersModel.swift */; };
		77E34F8526A07F2C00452B4F /* FriendsStorage.swift in Sources */ = {isa = PBXBuildFile; fileRef = 77E34F8426A07F2C00452B4F /* FriendsStorage.swift */; };
		77E34F8726A0825100452B4F /* GroupsStorage.swift in Sources */ = {isa = PBXBuildFile; fileRef = 77E34F8626A0825100452B4F /* GroupsStorage.swift */; };
		77E34F8B26A089A700452B4F /* GroupTableViewCell.swift in Sources */ = {isa = PBXBuildFile; fileRef = 77E34F8A26A089A700452B4F /* GroupTableViewCell.swift */; };
/* End PBXBuildFile section */

/* Begin PBXFileReference section */
		772D803F2693461B00E5F00A /* VKLogger.app */ = {isa = PBXFileReference; explicitFileType = wrapper.application; includeInIndex = 0; path = VKLogger.app; sourceTree = BUILT_PRODUCTS_DIR; };
		772D80422693461B00E5F00A /* AppDelegate.swift */ = {isa = PBXFileReference; lastKnownFileType = sourcecode.swift; path = AppDelegate.swift; sourceTree = "<group>"; };
		772D80442693461B00E5F00A /* SceneDelegate.swift */ = {isa = PBXFileReference; lastKnownFileType = sourcecode.swift; path = SceneDelegate.swift; sourceTree = "<group>"; };
		772D80492693461B00E5F00A /* Base */ = {isa = PBXFileReference; lastKnownFileType = file.storyboard; name = Base; path = Base.lproj/Main.storyboard; sourceTree = "<group>"; };
		772D804B2693461C00E5F00A /* Assets.xcassets */ = {isa = PBXFileReference; lastKnownFileType = folder.assetcatalog; path = Assets.xcassets; sourceTree = "<group>"; };
		772D804E2693461C00E5F00A /* Base */ = {isa = PBXFileReference; lastKnownFileType = file.storyboard; name = Base; path = Base.lproj/LaunchScreen.storyboard; sourceTree = "<group>"; };
		772D80502693461C00E5F00A /* Info.plist */ = {isa = PBXFileReference; lastKnownFileType = text.plist.xml; path = Info.plist; sourceTree = "<group>"; };
		772D805B2693506300E5F00A /* LoginViewController.swift */ = {isa = PBXFileReference; lastKnownFileType = sourcecode.swift; path = LoginViewController.swift; sourceTree = "<group>"; };
		77E34F71269CA39B00452B4F /* MyGroupsViewController.swift */ = {isa = PBXFileReference; lastKnownFileType = sourcecode.swift; path = MyGroupsViewController.swift; sourceTree = "<group>"; };
		77E34F7C269F913700452B4F /* MyFriendsViewController.swift */ = {isa = PBXFileReference; lastKnownFileType = sourcecode.swift; path = MyFriendsViewController.swift; sourceTree = "<group>"; };
		77E34F7F26A07A9400452B4F /* GroupsModel.swift */ = {isa = PBXFileReference; lastKnownFileType = sourcecode.swift; path = GroupsModel.swift; sourceTree = "<group>"; };
		77E34F8126A07B1800452B4F /* UsersModel.swift */ = {isa = PBXFileReference; lastKnownFileType = sourcecode.swift; path = UsersModel.swift; sourceTree = "<group>"; };
		77E34F8426A07F2C00452B4F /* FriendsStorage.swift */ = {isa = PBXFileReference; lastKnownFileType = sourcecode.swift; path = FriendsStorage.swift; sourceTree = "<group>"; };
		77E34F8626A0825100452B4F /* GroupsStorage.swift */ = {isa = PBXFileReference; lastKnownFileType = sourcecode.swift; path = GroupsStorage.swift; sourceTree = "<group>"; };
		77E34F8A26A089A700452B4F /* GroupTableViewCell.swift */ = {isa = PBXFileReference; lastKnownFileType = sourcecode.swift; path = GroupTableViewCell.swift; sourceTree = "<group>"; };
/* End PBXFileReference section */

/* Begin PBXFrameworksBuildPhase section */
		772D803C2693461B00E5F00A /* Frameworks */ = {
			isa = PBXFrameworksBuildPhase;
			buildActionMask = 2147483647;
			files = (
			);
			runOnlyForDeploymentPostprocessing = 0;
		};
/* End PBXFrameworksBuildPhase section */

/* Begin PBXGroup section */
		772D80362693461B00E5F00A = {
			isa = PBXGroup;
			children = (
				772D80412693461B00E5F00A /* VKLogger */,
				772D80402693461B00E5F00A /* Products */,
			);
			sourceTree = "<group>";
		};
		772D80402693461B00E5F00A /* Products */ = {
			isa = PBXGroup;
			children = (
				772D803F2693461B00E5F00A /* VKLogger.app */,
			);
			name = Products;
			sourceTree = "<group>";
		};
		772D80412693461B00E5F00A /* VKLogger */ = {
			isa = PBXGroup;
			children = (
				77E34F8326A07F0800452B4F /* Repository */,
				77E34F7E26A07A7200452B4F /* Models */,
				772D805626934CE600E5F00A /* AppDelegate */,
				772D80482693461B00E5F00A /* Main.storyboard */,
				772D805926934FF800E5F00A /* Presentation */,
				772D805726934D1200E5F00A /* Resources */,
				772D805826934DEA00E5F00A /* Configuration */,
			);
			path = VKLogger;
			sourceTree = "<group>";
		};
		772D805626934CE600E5F00A /* AppDelegate */ = {
			isa = PBXGroup;
			children = (
				772D80422693461B00E5F00A /* AppDelegate.swift */,
				772D80442693461B00E5F00A /* SceneDelegate.swift */,
			);
			path = AppDelegate;
			sourceTree = "<group>";
		};
		772D805726934D1200E5F00A /* Resources */ = {
			isa = PBXGroup;
			children = (
				772D804D2693461C00E5F00A /* LaunchScreen.storyboard */,
				772D804B2693461C00E5F00A /* Assets.xcassets */,
			);
			path = Resources;
			sourceTree = "<group>";
		};
		772D805826934DEA00E5F00A /* Configuration */ = {
			isa = PBXGroup;
			children = (
				772D80502693461C00E5F00A /* Info.plist */,
			);
			path = Configuration;
			sourceTree = "<group>";
		};
		772D805926934FF800E5F00A /* Presentation */ = {
			isa = PBXGroup;
			children = (
				77E34F73269F8A8B00452B4F /* Friends */,
				77E34F6F269CA30300452B4F /* Groups */,
				772D805A2693502500E5F00A /* Login */,
			);
			path = Presentation;
			sourceTree = "<group>";
		};
		772D805A2693502500E5F00A /* Login */ = {
			isa = PBXGroup;
			children = (
				772D805B2693506300E5F00A /* LoginViewController.swift */,
			);
			path = Login;
			sourceTree = "<group>";
		};
		77E34F6F269CA30300452B4F /* Groups */ = {
			isa = PBXGroup;
			children = (
				77E34F70269CA31700452B4F /* MyGroups */,
				77E34F8A26A089A700452B4F /* GroupTableViewCell.swift */,
			);
			path = Groups;
			sourceTree = "<group>";
		};
		77E34F70269CA31700452B4F /* MyGroups */ = {
			isa = PBXGroup;
			children = (
				77E34F71269CA39B00452B4F /* MyGroupsViewController.swift */,
			);
			path = MyGroups;
			sourceTree = "<group>";
		};
		77E34F73269F8A8B00452B4F /* Friends */ = {
			isa = PBXGroup;
			children = (
				77E34F7C269F913700452B4F /* MyFriendsViewController.swift */,
				77E34F74269F8A9400452B4F /* FriendsPhotos */,
			);
			path = Friends;
			sourceTree = "<group>";
		};
		77E34F74269F8A9400452B4F /* FriendsPhotos */ = {
			isa = PBXGroup;
			children = (
			);
			path = FriendsPhotos;
			sourceTree = "<group>";
		};
		77E34F7E26A07A7200452B4F /* Models */ = {
			isa = PBXGroup;
			children = (
				77E34F7F26A07A9400452B4F /* GroupsModel.swift */,
				77E34F8126A07B1800452B4F /* UsersModel.swift */,
			);
			path = Models;
			sourceTree = "<group>";
		};
		77E34F8326A07F0800452B4F /* Repository */ = {
			isa = PBXGroup;
			children = (
				77E34F8426A07F2C00452B4F /* FriendsStorage.swift */,
				77E34F8626A0825100452B4F /* GroupsStorage.swift */,
			);
			path = Repository;
			sourceTree = "<group>";
		};
/* End PBXGroup section */

/* Begin PBXNativeTarget section */
		772D803E2693461B00E5F00A /* VKLogger */ = {
			isa = PBXNativeTarget;
			buildConfigurationList = 772D80532693461C00E5F00A /* Build configuration list for PBXNativeTarget "VKLogger" */;
			buildPhases = (
				772D803B2693461B00E5F00A /* Sources */,
				772D803C2693461B00E5F00A /* Frameworks */,
				772D803D2693461B00E5F00A /* Resources */,
			);
			buildRules = (
			);
			dependencies = (
			);
			name = VKLogger;
			productName = VKLogger;
			productReference = 772D803F2693461B00E5F00A /* VKLogger.app */;
			productType = "com.apple.product-type.application";
		};
/* End PBXNativeTarget section */

/* Begin PBXProject section */
		772D80372693461B00E5F00A /* Project object */ = {
			isa = PBXProject;
			attributes = {
				LastSwiftUpdateCheck = 1250;
				LastUpgradeCheck = 1250;
				TargetAttributes = {
					772D803E2693461B00E5F00A = {
						CreatedOnToolsVersion = 12.5;
					};
				};
			};
			buildConfigurationList = 772D803A2693461B00E5F00A /* Build configuration list for PBXProject "VKLogger" */;
			compatibilityVersion = "Xcode 9.3";
			developmentRegion = en;
			hasScannedForEncodings = 0;
			knownRegions = (
				en,
				Base,
			);
			mainGroup = 772D80362693461B00E5F00A;
			productRefGroup = 772D80402693461B00E5F00A /* Products */;
			projectDirPath = "";
			projectRoot = "";
			targets = (
				772D803E2693461B00E5F00A /* VKLogger */,
			);
		};
/* End PBXProject section */

/* Begin PBXResourcesBuildPhase section */
		772D803D2693461B00E5F00A /* Resources */ = {
			isa = PBXResourcesBuildPhase;
			buildActionMask = 2147483647;
			files = (
				772D804F2693461C00E5F00A /* LaunchScreen.storyboard in Resources */,
				772D804C2693461C00E5F00A /* Assets.xcassets in Resources */,
				772D804A2693461B00E5F00A /* Main.storyboard in Resources */,
			);
			runOnlyForDeploymentPostprocessing = 0;
		};
/* End PBXResourcesBuildPhase section */

/* Begin PBXSourcesBuildPhase section */
		772D803B2693461B00E5F00A /* Sources */ = {
			isa = PBXSourcesBuildPhase;
			buildActionMask = 2147483647;
			files = (
				77E34F7D269F913700452B4F /* MyFriendsViewController.swift in Sources */,
				77E34F72269CA39B00452B4F /* MyGroupsViewController.swift in Sources */,
				772D805C2693506300E5F00A /* LoginViewController.swift in Sources */,
				77E34F8026A07A9400452B4F /* GroupsModel.swift in Sources */,
				772D80432693461B00E5F00A /* AppDelegate.swift in Sources */,
				772D80452693461B00E5F00A /* SceneDelegate.swift in Sources */,
				77E34F8226A07B1800452B4F /* UsersModel.swift in Sources */,
				77E34F8526A07F2C00452B4F /* FriendsStorage.swift in Sources */,
				77E34F8726A0825100452B4F /* GroupsStorage.swift in Sources */,
				77E34F8B26A089A700452B4F /* GroupTableViewCell.swift in Sources */,
			);
			runOnlyForDeploymentPostprocessing = 0;
		};
/* End PBXSourcesBuildPhase section */

/* Begin PBXVariantGroup section */
		772D80482693461B00E5F00A /* Main.storyboard */ = {
			isa = PBXVariantGroup;
			children = (
				772D80492693461B00E5F00A /* Base */,
			);
			name = Main.storyboard;
			sourceTree = "<group>";
		};
		772D804D2693461C00E5F00A /* LaunchScreen.storyboard */ = {
			isa = PBXVariantGroup;
			children = (
				772D804E2693461C00E5F00A /* Base */,
			);
			name = LaunchScreen.storyboard;
			sourceTree = "<group>";
		};
/* End PBXVariantGroup section */

/* Begin XCBuildConfiguration section */
		772D80512693461C00E5F00A /* Debug */ = {
			isa = XCBuildConfiguration;
			buildSettings = {
				ALWAYS_SEARCH_USER_PATHS = NO;
				CLANG_ANALYZER_NONNULL = YES;
				CLANG_ANALYZER_NUMBER_OBJECT_CONVERSION = YES_AGGRESSIVE;
				CLANG_CXX_LANGUAGE_STANDARD = "gnu++14";
				CLANG_CXX_LIBRARY = "libc++";
				CLANG_ENABLE_MODULES = YES;
				CLANG_ENABLE_OBJC_ARC = YES;
				CLANG_ENABLE_OBJC_WEAK = YES;
				CLANG_WARN_BLOCK_CAPTURE_AUTORELEASING = YES;
				CLANG_WARN_BOOL_CONVERSION = YES;
				CLANG_WARN_COMMA = YES;
				CLANG_WARN_CONSTANT_CONVERSION = YES;
				CLANG_WARN_DEPRECATED_OBJC_IMPLEMENTATIONS = YES;
				CLANG_WARN_DIRECT_OBJC_ISA_USAGE = YES_ERROR;
				CLANG_WARN_DOCUMENTATION_COMMENTS = YES;
				CLANG_WARN_EMPTY_BODY = YES;
				CLANG_WARN_ENUM_CONVERSION = YES;
				CLANG_WARN_INFINITE_RECURSION = YES;
				CLANG_WARN_INT_CONVERSION = YES;
				CLANG_WARN_NON_LITERAL_NULL_CONVERSION = YES;
				CLANG_WARN_OBJC_IMPLICIT_RETAIN_SELF = YES;
				CLANG_WARN_OBJC_LITERAL_CONVERSION = YES;
				CLANG_WARN_OBJC_ROOT_CLASS = YES_ERROR;
				CLANG_WARN_QUOTED_INCLUDE_IN_FRAMEWORK_HEADER = YES;
				CLANG_WARN_RANGE_LOOP_ANALYSIS = YES;
				CLANG_WARN_STRICT_PROTOTYPES = YES;
				CLANG_WARN_SUSPICIOUS_MOVE = YES;
				CLANG_WARN_UNGUARDED_AVAILABILITY = YES_AGGRESSIVE;
				CLANG_WARN_UNREACHABLE_CODE = YES;
				CLANG_WARN__DUPLICATE_METHOD_MATCH = YES;
				COPY_PHASE_STRIP = NO;
				DEBUG_INFORMATION_FORMAT = dwarf;
				ENABLE_STRICT_OBJC_MSGSEND = YES;
				ENABLE_TESTABILITY = YES;
				GCC_C_LANGUAGE_STANDARD = gnu11;
				GCC_DYNAMIC_NO_PIC = NO;
				GCC_NO_COMMON_BLOCKS = YES;
				GCC_OPTIMIZATION_LEVEL = 0;
				GCC_PREPROCESSOR_DEFINITIONS = (
					"DEBUG=1",
					"$(inherited)",
				);
				GCC_WARN_64_TO_32_BIT_CONVERSION = YES;
				GCC_WARN_ABOUT_RETURN_TYPE = YES_ERROR;
				GCC_WARN_UNDECLARED_SELECTOR = YES;
				GCC_WARN_UNINITIALIZED_AUTOS = YES_AGGRESSIVE;
				GCC_WARN_UNUSED_FUNCTION = YES;
				GCC_WARN_UNUSED_VARIABLE = YES;
				IPHONEOS_DEPLOYMENT_TARGET = 14.5;
				MTL_ENABLE_DEBUG_INFO = INCLUDE_SOURCE;
				MTL_FAST_MATH = YES;
				ONLY_ACTIVE_ARCH = YES;
				SDKROOT = iphoneos;
				SWIFT_ACTIVE_COMPILATION_CONDITIONS = DEBUG;
				SWIFT_OPTIMIZATION_LEVEL = "-Onone";
			};
			name = Debug;
		};
		772D80522693461C00E5F00A /* Release */ = {
			isa = XCBuildConfiguration;
			buildSettings = {
				ALWAYS_SEARCH_USER_PATHS = NO;
				CLANG_ANALYZER_NONNULL = YES;
				CLANG_ANALYZER_NUMBER_OBJECT_CONVERSION = YES_AGGRESSIVE;
				CLANG_CXX_LANGUAGE_STANDARD = "gnu++14";
				CLANG_CXX_LIBRARY = "libc++";
				CLANG_ENABLE_MODULES = YES;
				CLANG_ENABLE_OBJC_ARC = YES;
				CLANG_ENABLE_OBJC_WEAK = YES;
				CLANG_WARN_BLOCK_CAPTURE_AUTORELEASING = YES;
				CLANG_WARN_BOOL_CONVERSION = YES;
				CLANG_WARN_COMMA = YES;
				CLANG_WARN_CONSTANT_CONVERSION = YES;
				CLANG_WARN_DEPRECATED_OBJC_IMPLEMENTATIONS = YES;
				CLANG_WARN_DIRECT_OBJC_ISA_USAGE = YES_ERROR;
				CLANG_WARN_DOCUMENTATION_COMMENTS = YES;
				CLANG_WARN_EMPTY_BODY = YES;
				CLANG_WARN_ENUM_CONVERSION = YES;
				CLANG_WARN_INFINITE_RECURSION = YES;
				CLANG_WARN_INT_CONVERSION = YES;
				CLANG_WARN_NON_LITERAL_NULL_CONVERSION = YES;
				CLANG_WARN_OBJC_IMPLICIT_RETAIN_SELF = YES;
				CLANG_WARN_OBJC_LITERAL_CONVERSION = YES;
				CLANG_WARN_OBJC_ROOT_CLASS = YES_ERROR;
				CLANG_WARN_QUOTED_INCLUDE_IN_FRAMEWORK_HEADER = YES;
				CLANG_WARN_RANGE_LOOP_ANALYSIS = YES;
				CLANG_WARN_STRICT_PROTOTYPES = YES;
				CLANG_WARN_SUSPICIOUS_MOVE = YES;
				CLANG_WARN_UNGUARDED_AVAILABILITY = YES_AGGRESSIVE;
				CLANG_WARN_UNREACHABLE_CODE = YES;
				CLANG_WARN__DUPLICATE_METHOD_MATCH = YES;
				COPY_PHASE_STRIP = NO;
				DEBUG_INFORMATION_FORMAT = "dwarf-with-dsym";
				ENABLE_NS_ASSERTIONS = NO;
				ENABLE_STRICT_OBJC_MSGSEND = YES;
				GCC_C_LANGUAGE_STANDARD = gnu11;
				GCC_NO_COMMON_BLOCKS = YES;
				GCC_WARN_64_TO_32_BIT_CONVERSION = YES;
				GCC_WARN_ABOUT_RETURN_TYPE = YES_ERROR;
				GCC_WARN_UNDECLARED_SELECTOR = YES;
				GCC_WARN_UNINITIALIZED_AUTOS = YES_AGGRESSIVE;
				GCC_WARN_UNUSED_FUNCTION = YES;
				GCC_WARN_UNUSED_VARIABLE = YES;
				IPHONEOS_DEPLOYMENT_TARGET = 14.5;
				MTL_ENABLE_DEBUG_INFO = NO;
				MTL_FAST_MATH = YES;
				SDKROOT = iphoneos;
				SWIFT_COMPILATION_MODE = wholemodule;
				SWIFT_OPTIMIZATION_LEVEL = "-O";
				VALIDATE_PRODUCT = YES;
			};
			name = Release;
		};
		772D80542693461C00E5F00A /* Debug */ = {
			isa = XCBuildConfiguration;
			buildSettings = {
				ASSETCATALOG_COMPILER_APPICON_NAME = AppIcon;
				ASSETCATALOG_COMPILER_GLOBAL_ACCENT_COLOR_NAME = AccentColor;
				CODE_SIGN_STYLE = Automatic;
				DEVELOPMENT_TEAM = 2ZAH9FN7PQ;
				INFOPLIST_FILE = VKLogger/Configuration/Info.plist;
				IPHONEOS_DEPLOYMENT_TARGET = 14.3;
				LD_RUNPATH_SEARCH_PATHS = (
					"$(inherited)",
					"@executable_path/Frameworks",
				);
				PRODUCT_BUNDLE_IDENTIFIER = GB.VKLogger;
				PRODUCT_NAME = "$(TARGET_NAME)";
				SWIFT_VERSION = 5.0;
				TARGETED_DEVICE_FAMILY = "1,2";
			};
			name = Debug;
		};
		772D80552693461C00E5F00A /* Release */ = {
			isa = XCBuildConfiguration;
			buildSettings = {
				ASSETCATALOG_COMPILER_APPICON_NAME = AppIcon;
				ASSETCATALOG_COMPILER_GLOBAL_ACCENT_COLOR_NAME = AccentColor;
				CODE_SIGN_STYLE = Automatic;
				DEVELOPMENT_TEAM = 2ZAH9FN7PQ;
				INFOPLIST_FILE = VKLogger/Configuration/Info.plist;
				IPHONEOS_DEPLOYMENT_TARGET = 14.3;
				LD_RUNPATH_SEARCH_PATHS = (
					"$(inherited)",
					"@executable_path/Frameworks",
				);
				PRODUCT_BUNDLE_IDENTIFIER = GB.VKLogger;
				PRODUCT_NAME = "$(TARGET_NAME)";
				SWIFT_VERSION = 5.0;
				TARGETED_DEVICE_FAMILY = "1,2";
			};
			name = Release;
		};
/* End XCBuildConfiguration section */

/* Begin XCConfigurationList section */
		772D803A2693461B00E5F00A /* Build configuration list for PBXProject "VKLogger" */ = {
			isa = XCConfigurationList;
			buildConfigurations = (
				772D80512693461C00E5F00A /* Debug */,
				772D80522693461C00E5F00A /* Release */,
			);
			defaultConfigurationIsVisible = 0;
			defaultConfigurationName = Release;
		};
		772D80532693461C00E5F00A /* Build configuration list for PBXNativeTarget "VKLogger" */ = {
			isa = XCConfigurationList;
			buildConfigurations = (
				772D80542693461C00E5F00A /* Debug */,
				772D80552693461C00E5F00A /* Release */,
			);
			defaultConfigurationIsVisible = 0;
			defaultConfigurationName = Release;
		};
/* End XCConfigurationList section */
	};
	rootObject = 772D80372693461B00E5F00A /* Project object */;
}
